
Microsoft Visual Studio Solution File, Format Version 12.00
# Visual Studio Version 17
VisualStudioVersion = 17.7.34031.279
MinimumVisualStudioVersion = 10.0.40219.1
Project("{9A19103F-16F7-4668-BE54-9A1E7A4F7556}") = "Sistema.Supermecado.Aplication", "Sistema.Supermecado.Aplication\Sistema.Supermecado.Aplication.csproj", "{94F85CA1-4F20-4EAB-B5E9-1C79F2F97AB9}"
EndProject
Project("{9A19103F-16F7-4668-BE54-9A1E7A4F7556}") = "Sistema.Supermecado.Domain", "Sistema.Supermecado.Domain\Sistema.Supermecado.Domain.csproj", "{C885E85F-5B7F-4F8F-8EEA-1C103CEA7D37}"
EndProject
Project("{9A19103F-16F7-4668-BE54-9A1E7A4F7556}") = "Sistema.Supermecado.Infra.Data", "Sistema.Supermecado.Infra.Data\Sistema.Supermecado.Infra.Data.csproj", "{A808DAC3-B5A4-43AA-B659-3F46E0C48B53}"
EndProject
Project("{9A19103F-16F7-4668-BE54-9A1E7A4F7556}") = "Sistema.Supermecado.Infra.IoC", "Sistema.Supermecado.Infra.IoC\Sistema.Supermecado.Infra.IoC.csproj", "{3D1A895E-D359-45EA-841E-67D9A1E777C6}"
	ProjectSection(ProjectDependencies) = postProject
		{94F85CA1-4F20-4EAB-B5E9-1C79F2F97AB9} = {94F85CA1-4F20-4EAB-B5E9-1C79F2F97AB9}
		{C885E85F-5B7F-4F8F-8EEA-1C103CEA7D37} = {C885E85F-5B7F-4F8F-8EEA-1C103CEA7D37}
	EndProjectSection
EndProject
Project("{9A19103F-16F7-4668-BE54-9A1E7A4F7556}") = "Sistema.Supermecado.API", "..\Sistema.Supermecado.API\Sistema.Supermecado.API.csproj", "{808FAE71-1CC4-4B7D-8A9C-23314A3CA866}"
EndProject
Global
	GlobalSection(SolutionConfigurationPlatforms) = preSolution
		Debug|Any CPU = Debug|Any CPU
		Release|Any CPU = Release|Any CPU
	EndGlobalSection
	GlobalSection(ProjectConfigurationPlatforms) = postSolution
		{94F85CA1-4F20-4EAB-B5E9-1C79F2F97AB9}.Debug|Any CPU.ActiveCfg = Debug|Any CPU
		{94F85CA1-4F20-4EAB-B5E9-1C79F2F97AB9}.Debug|Any CPU.Build.0 = Debug|Any CPU
		{94F85CA1-4F20-4EAB-B5E9-1C79F2F97AB9}.Release|Any CPU.ActiveCfg = Release|Any CPU
		{94F85CA1-4F20-4EAB-B5E9-1C79F2F97AB9}.Release|Any CPU.Build.0 = Release|Any CPU
		{C885E85F-5B7F-4F8F-8EEA-1C103CEA7D37}.Debug|Any CPU.ActiveCfg = Debug|Any CPU
		{C885E85F-5B7F-4F8F-8EEA-1C103CEA7D37}.Debug|Any CPU.Build.0 = Debug|Any CPU
		{C885E85F-5B7F-4F8F-8EEA-1C103CEA7D37}.Release|Any CPU.ActiveCfg = Release|Any CPU
		{C885E85F-5B7F-4F8F-8EEA-1C103CEA7D37}.Release|Any CPU.Build.0 = Release|Any CPU
		{A808DAC3-B5A4-43AA-B659-3F46E0C48B53}.Debug|Any CPU.ActiveCfg = Debug|Any CPU
		{A808DAC3-B5A4-43AA-B659-3F46E0C48B53}.Debug|Any CPU.Build.0 = Debug|Any CPU
		{A808DAC3-B5A4-43AA-B659-3F46E0C48B53}.Release|Any CPU.ActiveCfg = Release|Any CPU
		{A808DAC3-B5A4-43AA-B659-3F46E0C48B53}.Release|Any CPU.Build.0 = Release|Any CPU
		{3D1A895E-D359-45EA-841E-67D9A1E777C6}.Debug|Any CPU.ActiveCfg = Debug|Any CPU
		{3D1A895E-D359-45EA-841E-67D9A1E777C6}.Debug|Any CPU.Build.0 = Debug|Any CPU
		{3D1A895E-D359-45EA-841E-67D9A1E777C6}.Release|Any CPU.ActiveCfg = Release|Any CPU
		{3D1A895E-D359-45EA-841E-67D9A1E777C6}.Release|Any CPU.Build.0 = Release|Any CPU
		{808FAE71-1CC4-4B7D-8A9C-23314A3CA866}.Debug|Any CPU.ActiveCfg = Debug|Any CPU
		{808FAE71-1CC4-4B7D-8A9C-23314A3CA866}.Debug|Any CPU.Build.0 = Debug|Any CPU
		{808FAE71-1CC4-4B7D-8A9C-23314A3CA866}.Release|Any CPU.ActiveCfg = Release|Any CPU
		{808FAE71-1CC4-4B7D-8A9C-23314A3CA866}.Release|Any CPU.Build.0 = Release|Any CPU
	EndGlobalSection
	GlobalSection(SolutionProperties) = preSolution
		HideSolutionNode = FALSE
	EndGlobalSection
	GlobalSection(ExtensibilityGlobals) = postSolution
		SolutionGuid = {E34ECDD9-613C-4BA7-8794-EBA0AC8A398B}
	EndGlobalSection
EndGlobal
